github.com/JonecoBoy/tempByCep v1.2.0 h1:ISWfhT9J2vWEXni7L/ZJrUWDe81Z2fhqmSH9BM6rkqo=
github.com/JonecoBoy/tempByCep v1.2.0/go.mod h1:JfBzeRvVejDYvfAt+bsI47spRX1Do7cSeg5WcK0hvy0=
golang.org/x/text v0.16.0 h1:a94ExnEXNtEwYLGJSIUxnWoxoRz/ZcCsV63ROupILh4=
golang.org/x/text v0.16.0/go.mod h1:GhwF1Be+LQoKShO3cGOHzqOgRrGaYc9AvblQOmPVHnI=
